{
  "version": 4,
  "terraform_version": "0.12.24",
  "serial": 348,
  "lineage": "2e7bac37-15a7-6811-4cba-f8873bf118d0",
  "outputs": {},
  "resources": [
    {
      "mode": "managed",
      "type": "aws_default_security_group",
      "name": "default-public-sec-group",
      "provider": "provider.aws",
      "instances": [
        {
          "schema_version": 1,
          "attributes": {
            "arn": "arn:aws:ec2:ap-southeast-1:823398877163:security-group/sg-0907a49a3472020ee",
            "description": "default VPC security group",
            "egress": [
              {
                "cidr_blocks": [
                  "0.0.0.0/0"
                ],
                "description": "",
                "from_port": 0,
                "ipv6_cidr_blocks": [],
                "prefix_list_ids": [],
                "protocol": "-1",
                "security_groups": [],
                "self": false,
                "to_port": 0
              }
            ],
            "id": "sg-0907a49a3472020ee",
            "ingress": [],
            "name": "default",
            "owner_id": "823398877163",
            "revoke_rules_on_delete": false,
            "tags": {
              "Environment": "staging",
              "Name": "allow-all-outbound"
            },
            "timeouts": null,
            "vpc_id": "vpc-0d673811a666622ea"
          },
          "private": "eyJlMmJmYjczMC1lY2FhLTExZTYtOGY4OC0zNDM2M2JjN2M0YzAiOnsiY3JlYXRlIjo2MDAwMDAwMDAwMDAsImRlbGV0ZSI6NjAwMDAwMDAwMDAwfSwic2NoZW1hX3ZlcnNpb24iOiIxIn0=",
          "dependencies": [
            "aws_vpc.eks-vpc"
          ]
        }
      ]
    },
    {
      "mode": "managed",
      "type": "aws_eip",
      "name": "eks-natgw-eip",
      "each": "map",
      "provider": "provider.aws",
      "instances": [
        {
          "index_key": "ap-southeast-1a",
          "schema_version": 0,
          "attributes": {
            "allocation_id": null,
            "associate_with_private_ip": null,
            "association_id": "",
            "customer_owned_ip": "",
            "customer_owned_ipv4_pool": "",
            "domain": "vpc",
            "id": "eipalloc-007077f6ca066f1e8",
            "instance": "",
            "network_interface": "",
            "private_dns": null,
            "private_ip": "",
            "public_dns": "ec2-18-141-90-65.ap-southeast-1.compute.amazonaws.com",
            "public_ip": "18.141.90.65",
            "public_ipv4_pool": "amazon",
            "tags": {
              "Environment": "staging",
              "Name": "eks-natgw-eip"
            },
            "timeouts": null,
            "vpc": true
          },
          "private": "eyJlMmJmYjczMC1lY2FhLTExZTYtOGY4OC0zNDM2M2JjN2M0YzAiOnsiZGVsZXRlIjoxODAwMDAwMDAwMDAsInJlYWQiOjkwMDAwMDAwMDAwMCwidXBkYXRlIjozMDAwMDAwMDAwMDB9fQ==",
          "dependencies": [
            "aws_internet_gateway.eks-igw",
            "aws_vpc.eks-vpc"
          ]
        },
        {
          "index_key": "ap-southeast-1b",
          "schema_version": 0,
          "attributes": {
            "allocation_id": null,
            "associate_with_private_ip": null,
            "association_id": "",
            "customer_owned_ip": "",
            "customer_owned_ipv4_pool": "",
            "domain": "vpc",
            "id": "eipalloc-0676e02c79831c025",
            "instance": "",
            "network_interface": "",
            "private_dns": null,
            "private_ip": "",
            "public_dns": "ec2-18-141-90-99.ap-southeast-1.compute.amazonaws.com",
            "public_ip": "18.141.90.99",
            "public_ipv4_pool": "amazon",
            "tags": {
              "Environment": "staging",
              "Name": "eks-natgw-eip"
            },
            "timeouts": null,
            "vpc": true
          },
          "private": "eyJlMmJmYjczMC1lY2FhLTExZTYtOGY4OC0zNDM2M2JjN2M0YzAiOnsiZGVsZXRlIjoxODAwMDAwMDAwMDAsInJlYWQiOjkwMDAwMDAwMDAwMCwidXBkYXRlIjozMDAwMDAwMDAwMDB9fQ==",
          "dependencies": [
            "aws_internet_gateway.eks-igw",
            "aws_vpc.eks-vpc"
          ]
        },
        {
          "index_key": "ap-southeast-1c",
          "schema_version": 0,
          "attributes": {
            "allocation_id": null,
            "associate_with_private_ip": null,
            "association_id": "",
            "customer_owned_ip": "",
            "customer_owned_ipv4_pool": "",
            "domain": "vpc",
            "id": "eipalloc-00e865e75c74fdd71",
            "instance": "",
            "network_interface": "",
            "private_dns": null,
            "private_ip": "",
            "public_dns": "ec2-13-251-13-76.ap-southeast-1.compute.amazonaws.com",
            "public_ip": "13.251.13.76",
            "public_ipv4_pool": "amazon",
            "tags": {
              "Environment": "staging",
              "Name": "eks-natgw-eip"
            },
            "timeouts": null,
            "vpc": true
          },
          "private": "eyJlMmJmYjczMC1lY2FhLTExZTYtOGY4OC0zNDM2M2JjN2M0YzAiOnsiZGVsZXRlIjoxODAwMDAwMDAwMDAsInJlYWQiOjkwMDAwMDAwMDAwMCwidXBkYXRlIjozMDAwMDAwMDAwMDB9fQ==",
          "dependencies": [
            "aws_internet_gateway.eks-igw",
            "aws_vpc.eks-vpc"
          ]
        }
      ]
    },
    {
      "mode": "managed",
      "type": "aws_eks_cluster",
      "name": "my-eks",
      "provider": "provider.aws",
      "instances": [
        {
          "schema_version": 0,
          "attributes": {
            "arn": "arn:aws:eks:ap-southeast-1:823398877163:cluster/my-eks",
            "certificate_authority": [
              {
                "data": "LS0tLS1CRUdJTiBDRVJUSUZJQ0FURS0tLS0tCk1JSUN5RENDQWJDZ0F3SUJBZ0lCQURBTkJna3Foa2lHOXcwQkFRc0ZBREFWTVJNd0VRWURWUVFERXdwcmRXSmwKY201bGRHVnpNQjRYRFRJd01EWXdPVEUzTURnd09Gb1hEVE13TURZd056RTNNRGd3T0Zvd0ZURVRNQkVHQTFVRQpBeE1LYTNWaVpYSnVaWFJsY3pDQ0FTSXdEUVlKS29aSWh2Y05BUUVCQlFBRGdnRVBBRENDQVFvQ2dnRUJBTXkvCmJQTDRTQmF1bmhlcHMrMWVkWWlOUGdLdXovZEhic2ZuS1MyZE1qR1pXWHlpdVpjRXI1VUo1Qk02bUZEV1lnbm0KOXhQd1ZWd3d0T3NOb1RrczN1OExoS2JUVUd4REpxZkJzemhoQ2grb0trSUtHU0xXd2h3dERGczgvNXM4bS9GRApsQ1pwNHBuc3FDT1dTdE1pdm9NTnM0Zi9iRmk5S3BpUG5YWnpXb3ZNZWZrb2t2WE1Ca1ZoUVEzZDllSU1NOHdwCnB4di93Znpmandyck9ob3NFekY3YTIyVzdoNzJIdmMrb2lqSnBmZ0k4L3hXRnk4eitJUVZSZGtmZHZyVFlHRm0KbFBqaWt0WXQ4aFJNMXlIRGhNaHhsYTZQSEZtQ09nQy9PTm1TWXhsSCtlWS9xRnpoY2tTRlZPQjZMSmJSNUx0WApJcE1lS3JxckJWQjR0eXNKTTFNQ0F3RUFBYU1qTUNFd0RnWURWUjBQQVFIL0JBUURBZ0trTUE4R0ExVWRFd0VCCi93UUZNQU1CQWY4d0RRWUpLb1pJaHZjTkFRRUxCUUFEZ2dFQkFFYVQ3Wi9OVFFFSWlMdVkraml5Q1JMQ3ZtWUcKRmZGaWp5eUlseTdjTkZkSnlHaGpQNytCZDQrTWpGMHlSckh6a3V6SEhxTVU1aUxwY29QdDB6NXpSQTZiSVRHYgo2SGlGbnVmVGFjNm5BenZRK3RsNHdxNmNYTUZQRzdsMjdTTlo2Vjl1aFp2UlAwZmMyeFN4WkViUlZENEt4WWsxCmZ3L0pIK1JOMHdkaEhlckdoZUpNRGRpTEJGME9kemlRQU9ESHNXYjZDeU9VaUhvWnpac2dUQVNmcjEveEZRVWYKSVVOMFNkWnJuMXhocURDR0s1Q2pueTNnNktKZnh3WnFZakxzbG1tWVJhWVA0M1REVmtaWHA4STY5SDdKQUE2cApmSHlrS25sYm8rem5aSE5TUExCUERQSS9PYlNKS0FCZXVGcW1JeVFNWU03aWNIenZNc1JIOUJ4d2NMaz0KLS0tLS1FTkQgQ0VSVElGSUNBVEUtLS0tLQo="
              }
            ],
            "created_at": "2020-06-09 17:01:06 +0000 UTC",
            "enabled_cluster_log_types": null,
            "encryption_config": [],
            "endpoint": "https://2959EC7DAE78567CC3B6181F63C1C0B3.gr7.ap-southeast-1.eks.amazonaws.com",
            "id": "my-eks",
            "identity": [
              {
                "oidc": [
                  {
                    "issuer": "https://oidc.eks.ap-southeast-1.amazonaws.com/id/2959EC7DAE78567CC3B6181F63C1C0B3"
                  }
                ]
              }
            ],
            "name": "my-eks",
            "platform_version": "eks.1",
            "role_arn": "arn:aws:iam::823398877163:role/eksClusterRole",
            "status": "ACTIVE",
            "tags": null,
            "timeouts": null,
            "version": "1.16",
            "vpc_config": [
              {
                "cluster_security_group_id": "sg-02ec98010d42d61fe",
                "endpoint_private_access": true,
                "endpoint_public_access": true,
                "public_access_cidrs": [
                  "0.0.0.0/0"
                ],
                "security_group_ids": [
                  "sg-06e46c553e788cb75"
                ],
                "subnet_ids": [
                  "subnet-0000f9b6ac8607e9b",
                  "subnet-016e0859cd646ab48",
                  "subnet-0286c41216cbb7d94",
                  "subnet-051c9d8c3db3b7798",
                  "subnet-088c2210fc12ec441",
                  "subnet-0c2a176a2a81683b0"
                ],
                "vpc_id": "vpc-0d673811a666622ea"
              }
            ]
          },
          "private": "eyJlMmJmYjczMC1lY2FhLTExZTYtOGY4OC0zNDM2M2JjN2M0YzAiOnsiY3JlYXRlIjoxODAwMDAwMDAwMDAwLCJkZWxldGUiOjkwMDAwMDAwMDAwMCwidXBkYXRlIjozNjAwMDAwMDAwMDAwfX0=",
          "dependencies": [
            "aws_iam_role.eksClusterRole",
            "aws_iam_role_policy_attachment.eksClusterRoleAttachPolicy",
            "aws_security_group.allow-all-inbound",
            "aws_subnet.eks-private-subnet",
            "aws_subnet.eks-public-subnet",
            "aws_vpc.eks-vpc"
          ]
        }
      ]
    },
    {
      "mode": "managed",
      "type": "aws_eks_node_group",
      "name": "my-eks-worker-nodes",
      "provider": "provider.aws",
      "instances": [
        {
          "schema_version": 0,
          "attributes": {
            "ami_type": "AL2_x86_64",
            "arn": "arn:aws:eks:ap-southeast-1:823398877163:nodegroup/my-eks/my-eks-worker-nodes/fcb94d0a-4f10-ca17-d9d9-44071cd93a7b",
            "cluster_name": "my-eks",
            "disk_size": 20,
            "force_update_version": null,
            "id": "my-eks:my-eks-worker-nodes",
            "instance_types": [
              "t3.medium"
            ],
            "labels": null,
            "node_group_name": "my-eks-worker-nodes",
            "node_role_arn": "arn:aws:iam::823398877163:role/eksNodeRole",
            "release_version": "1.16.8-20200531",
            "remote_access": [],
            "resources": [
              {
                "autoscaling_groups": [
                  {
                    "name": "eks-fcb94d0a-4f10-ca17-d9d9-44071cd93a7b"
                  }
                ],
                "remote_access_security_group_id": ""
              }
            ],
            "scaling_config": [
              {
                "desired_size": 3,
                "max_size": 3,
                "min_size": 3
              }
            ],
            "status": "ACTIVE",
            "subnet_ids": [
              "subnet-0000f9b6ac8607e9b",
              "subnet-0286c41216cbb7d94",
              "subnet-051c9d8c3db3b7798"
            ],
            "tags": null,
            "timeouts": null,
            "version": "1.16"
          },
          "private": "eyJlMmJmYjczMC1lY2FhLTExZTYtOGY4OC0zNDM2M2JjN2M0YzAiOnsiY3JlYXRlIjozNjAwMDAwMDAwMDAwLCJkZWxldGUiOjM2MDAwMDAwMDAwMDAsInVwZGF0ZSI6MzYwMDAwMDAwMDAwMH19",
          "dependencies": [
            "aws_eks_cluster.my-eks",
            "aws_iam_role.eksClusterRole",
            "aws_iam_role.eksNodeRole",
            "aws_iam_role_policy_attachment.eksClusterRoleAttachPolicy",
            "aws_security_group.allow-all-inbound",
            "aws_subnet.eks-private-subnet",
            "aws_subnet.eks-public-subnet",
            "aws_vpc.eks-vpc"
          ]
        }
      ]
    },
    {
      "mode": "managed",
      "type": "aws_iam_role",
      "name": "eksClusterRole",
      "provider": "provider.aws",
      "instances": [
        {
          "schema_version": 0,
          "attributes": {
            "arn": "arn:aws:iam::823398877163:role/eksClusterRole",
            "assume_role_policy": "{\"Version\":\"2012-10-17\",\"Statement\":[{\"Sid\":\"\",\"Effect\":\"Allow\",\"Principal\":{\"Service\":\"eks.amazonaws.com\"},\"Action\":\"sts:AssumeRole\"}]}",
            "create_date": "2020-06-09T17:01:00Z",
            "description": "",
            "force_detach_policies": false,
            "id": "eksClusterRole",
            "max_session_duration": 3600,
            "name": "eksClusterRole",
            "name_prefix": null,
            "path": "/",
            "permissions_boundary": null,
            "tags": {
              "Name": "eksClusterRole"
            },
            "unique_id": "AROA37NTFY7V62C7QWVSJ"
          },
          "private": "bnVsbA=="
        }
      ]
    },
    {
      "mode": "managed",
      "type": "aws_iam_role",
      "name": "eksNodeRole",
      "provider": "provider.aws",
      "instances": [
        {
          "schema_version": 0,
          "attributes": {
            "arn": "arn:aws:iam::823398877163:role/eksNodeRole",
            "assume_role_policy": "{\"Version\":\"2012-10-17\",\"Statement\":[{\"Sid\":\"\",\"Effect\":\"Allow\",\"Principal\":{\"Service\":\"ec2.amazonaws.com\"},\"Action\":\"sts:AssumeRole\"}]}",
            "create_date": "2020-06-09T17:01:00Z",
            "description": "",
            "force_detach_policies": false,
            "id": "eksNodeRole",
            "max_session_duration": 3600,
            "name": "eksNodeRole",
            "name_prefix": null,
            "path": "/",
            "permissions_boundary": null,
            "tags": {
              "Name": "eksNodeRole"
            },
            "unique_id": "AROA37NTFY7VVRJ6TOZXI"
          },
          "private": "bnVsbA=="
        }
      ]
    },
    {
      "mode": "managed",
      "type": "aws_iam_role_policy_attachment",
      "name": "eksCNIAttachPolicy",
      "provider": "provider.aws",
      "instances": [
        {
          "schema_version": 0,
          "attributes": {
            "id": "eksNodeRole-20200609170103376900000001",
            "policy_arn": "arn:aws:iam::aws:policy/AmazonEKS_CNI_Policy",
            "role": "eksNodeRole"
          },
          "private": "bnVsbA==",
          "dependencies": [
            "aws_iam_role.eksNodeRole"
          ]
        }
      ]
    },
    {
      "mode": "managed",
      "type": "aws_iam_role_policy_attachment",
      "name": "eksClusterRoleAttachPolicy",
      "provider": "provider.aws",
      "instances": [
        {
          "schema_version": 0,
          "attributes": {
            "id": "eksClusterRole-20200609170103532200000004",
            "policy_arn": "arn:aws:iam::aws:policy/AmazonEKSClusterPolicy",
            "role": "eksClusterRole"
          },
          "private": "bnVsbA==",
          "dependencies": [
            "aws_iam_role.eksClusterRole"
          ]
        }
      ]
    },
    {
      "mode": "managed",
      "type": "aws_iam_role_policy_attachment",
      "name": "eksContainerRegistryAttachPolicy",
      "provider": "provider.aws",
      "instances": [
        {
          "schema_version": 0,
          "attributes": {
            "id": "eksNodeRole-20200609170103453300000003",
            "policy_arn": "arn:aws:iam::aws:policy/AmazonEC2ContainerRegistryReadOnly",
            "role": "eksNodeRole"
          },
          "private": "bnVsbA==",
          "dependencies": [
            "aws_iam_role.eksNodeRole"
          ]
        }
      ]
    },
    {
      "mode": "managed",
      "type": "aws_iam_role_policy_attachment",
      "name": "eksWorkerNodeAttachPolicy",
      "provider": "provider.aws",
      "instances": [
        {
          "schema_version": 0,
          "attributes": {
            "id": "eksNodeRole-20200609170103386500000002",
            "policy_arn": "arn:aws:iam::aws:policy/AmazonEKSWorkerNodePolicy",
            "role": "eksNodeRole"
          },
          "private": "bnVsbA==",
          "dependencies": [
            "aws_iam_role.eksNodeRole"
          ]
        }
      ]
    },
    {
      "mode": "managed",
      "type": "aws_internet_gateway",
      "name": "eks-igw",
      "provider": "provider.aws",
      "instances": [
        {
          "schema_version": 0,
          "attributes": {
            "id": "igw-01c17b37d679080fe",
            "owner_id": "823398877163",
            "tags": {
              "Environment": "staging",
              "Name": "eks-igw"
            },
            "vpc_id": "vpc-0d673811a666622ea"
          },
          "private": "bnVsbA==",
          "dependencies": [
            "aws_vpc.eks-vpc"
          ]
        }
      ]
    },
    {
      "mode": "managed",
      "type": "aws_key_pair",
      "name": "key_pairs",
      "each": "map",
      "provider": "provider.aws",
      "instances": [
        {
          "index_key": "rramos",
          "schema_version": 1,
          "attributes": {
            "fingerprint": "ee:dc:51:9f:47:eb:64:76:ee:b9:fe:a0:56:7a:a7:aa",
            "id": "rramos",
            "key_name": "rramos",
            "key_name_prefix": null,
            "key_pair_id": "key-0b6cf506cfd0881fc",
            "public_key": "ssh-rsa AAAAB3NzaC1yc2EAAAADAQABAAABAQDN7fwbzIOEiEHxMbw0CWmFjnzmjbVdNLZ8m2srO/NE0bTb9lWd8L4QtcWAAmuToatR0ZQE5Tuhk0diuUMaDsJLOpuED7Z+6dPbIVd8ge+OcCU1KQUDjJC5I3grNEedROfPyYvlkjh1JU0ZgSB8prqActR57J59zAhzSfIuM5zOZL1NUNLGR2CLbLFZR5cB1atL2OLOuAEKl/u4yTYgr4hwcSLNbw5gvN1VZSqnAbPyT0B6UgjAp/Irlg2OFnV39ZHzbiri2ZJ7GOGs9wyQ4MNGspkm7B0bX1YFpuFy5N8SBkjWitcJum/9cgO2C5yuAXtWfWAwGK4+krG+I1B3ximt rramos",
            "tags": null
          },
          "private": "eyJzY2hlbWFfdmVyc2lvbiI6IjEifQ=="
        }
      ]
    },
    {
      "mode": "managed",
      "type": "aws_nat_gateway",
      "name": "eks-natgw",
      "each": "map",
      "provider": "provider.aws",
      "instances": [
        {
          "index_key": "ap-southeast-1a",
          "schema_version": 0,
          "attributes": {
            "allocation_id": "eipalloc-007077f6ca066f1e8",
            "id": "nat-0df120ef7328217b3",
            "network_interface_id": "eni-08389a7cbbead26c7",
            "private_ip": "10.128.0.16",
            "public_ip": "18.141.90.65",
            "subnet_id": "subnet-088c2210fc12ec441",
            "tags": {
              "Environment": "staging",
              "Name": "eks-natgw"
            }
          },
          "private": "bnVsbA==",
          "dependencies": [
            "aws_eip.eks-natgw-eip",
            "aws_internet_gateway.eks-igw",
            "aws_subnet.eks-private-subnet",
            "aws_subnet.eks-public-subnet",
            "aws_vpc.eks-vpc"
          ]
        },
        {
          "index_key": "ap-southeast-1b",
          "schema_version": 0,
          "attributes": {
            "allocation_id": "eipalloc-0676e02c79831c025",
            "id": "nat-01285e066622b5695",
            "network_interface_id": "eni-0f7d61f53d09c6e31",
            "private_ip": "10.128.6.9",
            "public_ip": "18.141.90.99",
            "subnet_id": "subnet-016e0859cd646ab48",
            "tags": {
              "Environment": "staging",
              "Name": "eks-natgw"
            }
          },
          "private": "bnVsbA==",
          "dependencies": [
            "aws_eip.eks-natgw-eip",
            "aws_internet_gateway.eks-igw",
            "aws_subnet.eks-private-subnet",
            "aws_subnet.eks-public-subnet",
            "aws_vpc.eks-vpc"
          ]
        },
        {
          "index_key": "ap-southeast-1c",
          "schema_version": 0,
          "attributes": {
            "allocation_id": "eipalloc-00e865e75c74fdd71",
            "id": "nat-076ad4d2d72a2558b",
            "network_interface_id": "eni-0f836b804c5013f96",
            "private_ip": "10.128.10.29",
            "public_ip": "13.251.13.76",
            "subnet_id": "subnet-0c2a176a2a81683b0",
            "tags": {
              "Environment": "staging",
              "Name": "eks-natgw"
            }
          },
          "private": "bnVsbA==",
          "dependencies": [
            "aws_eip.eks-natgw-eip",
            "aws_internet_gateway.eks-igw",
            "aws_subnet.eks-private-subnet",
            "aws_subnet.eks-public-subnet",
            "aws_vpc.eks-vpc"
          ]
        }
      ]
    },
    {
      "mode": "managed",
      "type": "aws_route_table",
      "name": "private-subnet-route-table",
      "each": "map",
      "provider": "provider.aws",
      "instances": [
        {
          "index_key": "ap-southeast-1a",
          "schema_version": 0,
          "attributes": {
            "id": "rtb-039b9bbb9ff5a2750",
            "owner_id": "823398877163",
            "propagating_vgws": [],
            "route": [
              {
                "cidr_block": "0.0.0.0/0",
                "egress_only_gateway_id": "",
                "gateway_id": "nat-0df120ef7328217b3",
                "instance_id": "",
                "ipv6_cidr_block": "",
                "nat_gateway_id": "",
                "network_interface_id": "",
                "transit_gateway_id": "",
                "vpc_peering_connection_id": ""
              }
            ],
            "tags": {
              "Environment": "staging",
              "Name": "private-subnet-route-table"
            },
            "vpc_id": "vpc-0d673811a666622ea"
          },
          "private": "bnVsbA==",
          "dependencies": [
            "aws_eip.eks-natgw-eip",
            "aws_internet_gateway.eks-igw",
            "aws_nat_gateway.eks-natgw",
            "aws_subnet.eks-private-subnet",
            "aws_subnet.eks-public-subnet",
            "aws_vpc.eks-vpc"
          ]
        },
        {
          "index_key": "ap-southeast-1b",
          "schema_version": 0,
          "attributes": {
            "id": "rtb-0a6efd43fc19ea82a",
            "owner_id": "823398877163",
            "propagating_vgws": [],
            "route": [
              {
                "cidr_block": "0.0.0.0/0",
                "egress_only_gateway_id": "",
                "gateway_id": "nat-01285e066622b5695",
                "instance_id": "",
                "ipv6_cidr_block": "",
                "nat_gateway_id": "",
                "network_interface_id": "",
                "transit_gateway_id": "",
                "vpc_peering_connection_id": ""
              }
            ],
            "tags": {
              "Environment": "staging",
              "Name": "private-subnet-route-table"
            },
            "vpc_id": "vpc-0d673811a666622ea"
          },
          "private": "bnVsbA==",
          "dependencies": [
            "aws_eip.eks-natgw-eip",
            "aws_internet_gateway.eks-igw",
            "aws_nat_gateway.eks-natgw",
            "aws_subnet.eks-private-subnet",
            "aws_subnet.eks-public-subnet",
            "aws_vpc.eks-vpc"
          ]
        },
        {
          "index_key": "ap-southeast-1c",
          "schema_version": 0,
          "attributes": {
            "id": "rtb-0eeee857a9eeaf34d",
            "owner_id": "823398877163",
            "propagating_vgws": [],
            "route": [
              {
                "cidr_block": "0.0.0.0/0",
                "egress_only_gateway_id": "",
                "gateway_id": "nat-076ad4d2d72a2558b",
                "instance_id": "",
                "ipv6_cidr_block": "",
                "nat_gateway_id": "",
                "network_interface_id": "",
                "transit_gateway_id": "",
                "vpc_peering_connection_id": ""
              }
            ],
            "tags": {
              "Environment": "staging",
              "Name": "private-subnet-route-table"
            },
            "vpc_id": "vpc-0d673811a666622ea"
          },
          "private": "bnVsbA==",
          "dependencies": [
            "aws_eip.eks-natgw-eip",
            "aws_internet_gateway.eks-igw",
            "aws_nat_gateway.eks-natgw",
            "aws_subnet.eks-private-subnet",
            "aws_subnet.eks-public-subnet",
            "aws_vpc.eks-vpc"
          ]
        }
      ]
    },
    {
      "mode": "managed",
      "type": "aws_route_table",
      "name": "public-subnet-route-table",
      "provider": "provider.aws",
      "instances": [
        {
          "schema_version": 0,
          "attributes": {
            "id": "rtb-05eb49a040643ced6",
            "owner_id": "823398877163",
            "propagating_vgws": [],
            "route": [
              {
                "cidr_block": "0.0.0.0/0",
                "egress_only_gateway_id": "",
                "gateway_id": "igw-01c17b37d679080fe",
                "instance_id": "",
                "ipv6_cidr_block": "",
                "nat_gateway_id": "",
                "network_interface_id": "",
                "transit_gateway_id": "",
                "vpc_peering_connection_id": ""
              }
            ],
            "tags": {
              "Environment": "staging",
              "Name": "public-subnet-route-table"
            },
            "vpc_id": "vpc-0d673811a666622ea"
          },
          "private": "bnVsbA==",
          "dependencies": [
            "aws_internet_gateway.eks-igw",
            "aws_vpc.eks-vpc"
          ]
        }
      ]
    },
    {
      "mode": "managed",
      "type": "aws_route_table_association",
      "name": "private-subnet-route-table-association",
      "each": "map",
      "provider": "provider.aws",
      "instances": [
        {
          "index_key": "ap-southeast-1a",
          "schema_version": 0,
          "attributes": {
            "gateway_id": null,
            "id": "rtbassoc-0cd01632373d7ab9b",
            "route_table_id": "rtb-039b9bbb9ff5a2750",
            "subnet_id": "subnet-0000f9b6ac8607e9b"
          },
          "private": "bnVsbA==",
          "dependencies": [
            "aws_eip.eks-natgw-eip",
            "aws_internet_gateway.eks-igw",
            "aws_nat_gateway.eks-natgw",
            "aws_route_table.private-subnet-route-table",
            "aws_subnet.eks-private-subnet",
            "aws_subnet.eks-public-subnet",
            "aws_vpc.eks-vpc"
          ]
        },
        {
          "index_key": "ap-southeast-1b",
          "schema_version": 0,
          "attributes": {
            "gateway_id": null,
            "id": "rtbassoc-076300deaebeae2ed",
            "route_table_id": "rtb-0a6efd43fc19ea82a",
            "subnet_id": "subnet-051c9d8c3db3b7798"
          },
          "private": "bnVsbA==",
          "dependencies": [
            "aws_eip.eks-natgw-eip",
            "aws_internet_gateway.eks-igw",
            "aws_nat_gateway.eks-natgw",
            "aws_route_table.private-subnet-route-table",
            "aws_subnet.eks-private-subnet",
            "aws_subnet.eks-public-subnet",
            "aws_vpc.eks-vpc"
          ]
        },
        {
          "index_key": "ap-southeast-1c",
          "schema_version": 0,
          "attributes": {
            "gateway_id": null,
            "id": "rtbassoc-0155957394a4b56cc",
            "route_table_id": "rtb-0eeee857a9eeaf34d",
            "subnet_id": "subnet-0286c41216cbb7d94"
          },
          "private": "bnVsbA==",
          "dependencies": [
            "aws_eip.eks-natgw-eip",
            "aws_internet_gateway.eks-igw",
            "aws_nat_gateway.eks-natgw",
            "aws_route_table.private-subnet-route-table",
            "aws_subnet.eks-private-subnet",
            "aws_subnet.eks-public-subnet",
            "aws_vpc.eks-vpc"
          ]
        }
      ]
    },
    {
      "mode": "managed",
      "type": "aws_route_table_association",
      "name": "public-subnet-route-table-association",
      "each": "map",
      "provider": "provider.aws",
      "instances": [
        {
          "index_key": "ap-southeast-1a",
          "schema_version": 0,
          "attributes": {
            "gateway_id": null,
            "id": "rtbassoc-0e32ab66af8caba26",
            "route_table_id": "rtb-05eb49a040643ced6",
            "subnet_id": "subnet-088c2210fc12ec441"
          },
          "private": "bnVsbA==",
          "dependencies": [
            "aws_internet_gateway.eks-igw",
            "aws_route_table.public-subnet-route-table",
            "aws_subnet.eks-public-subnet",
            "aws_vpc.eks-vpc"
          ]
        },
        {
          "index_key": "ap-southeast-1b",
          "schema_version": 0,
          "attributes": {
            "gateway_id": null,
            "id": "rtbassoc-065cd5ad406fcd66a",
            "route_table_id": "rtb-05eb49a040643ced6",
            "subnet_id": "subnet-016e0859cd646ab48"
          },
          "private": "bnVsbA==",
          "dependencies": [
            "aws_internet_gateway.eks-igw",
            "aws_route_table.public-subnet-route-table",
            "aws_subnet.eks-public-subnet",
            "aws_vpc.eks-vpc"
          ]
        },
        {
          "index_key": "ap-southeast-1c",
          "schema_version": 0,
          "attributes": {
            "gateway_id": null,
            "id": "rtbassoc-0b08890724308f2fc",
            "route_table_id": "rtb-05eb49a040643ced6",
            "subnet_id": "subnet-0c2a176a2a81683b0"
          },
          "private": "bnVsbA==",
          "dependencies": [
            "aws_internet_gateway.eks-igw",
            "aws_route_table.public-subnet-route-table",
            "aws_subnet.eks-public-subnet",
            "aws_vpc.eks-vpc"
          ]
        }
      ]
    },
    {
      "mode": "managed",
      "type": "aws_security_group",
      "name": "allow-all-inbound",
      "provider": "provider.aws",
      "instances": [
        {
          "schema_version": 1,
          "attributes": {
            "arn": "arn:aws:ec2:ap-southeast-1:823398877163:security-group/sg-06e46c553e788cb75",
            "description": "allow-all-inbound",
            "egress": [],
            "id": "sg-06e46c553e788cb75",
            "ingress": [],
            "name": "allow-all-inbound",
            "name_prefix": null,
            "owner_id": "823398877163",
            "revoke_rules_on_delete": false,
            "tags": {
              "Environment": "staging",
              "Name": "allow-all-inbound"
            },
            "timeouts": null,
            "vpc_id": "vpc-0d673811a666622ea"
          },
          "private": "eyJlMmJmYjczMC1lY2FhLTExZTYtOGY4OC0zNDM2M2JjN2M0YzAiOnsiY3JlYXRlIjo2MDAwMDAwMDAwMDAsImRlbGV0ZSI6NjAwMDAwMDAwMDAwfSwic2NoZW1hX3ZlcnNpb24iOiIxIn0=",
          "dependencies": [
            "aws_vpc.eks-vpc"
          ]
        }
      ]
    },
    {
      "mode": "managed",
      "type": "aws_security_group_rule",
      "name": "allow-all-inbound-rules",
      "provider": "provider.aws",
      "instances": [
        {
          "schema_version": 2,
          "attributes": {
            "cidr_blocks": [
              "0.0.0.0/0"
            ],
            "description": null,
            "from_port": 0,
            "id": "sgrule-2799478315",
            "ipv6_cidr_blocks": null,
            "prefix_list_ids": null,
            "protocol": "-1",
            "security_group_id": "sg-06e46c553e788cb75",
            "self": false,
            "source_security_group_id": null,
            "to_port": 0,
            "type": "ingress"
          },
          "private": "eyJzY2hlbWFfdmVyc2lvbiI6IjIifQ==",
          "dependencies": [
            "aws_security_group.allow-all-inbound",
            "aws_vpc.eks-vpc"
          ]
        }
      ]
    },
    {
      "mode": "managed",
      "type": "aws_subnet",
      "name": "eks-private-subnet",
      "each": "map",
      "provider": "provider.aws",
      "instances": [
        {
          "index_key": "ap-southeast-1a",
          "schema_version": 1,
          "attributes": {
            "arn": "arn:aws:ec2:ap-southeast-1:823398877163:subnet/subnet-0000f9b6ac8607e9b",
            "assign_ipv6_address_on_creation": false,
            "availability_zone": "ap-southeast-1a",
            "availability_zone_id": "apse1-az2",
            "cidr_block": "10.128.16.0/22",
            "id": "subnet-0000f9b6ac8607e9b",
            "ipv6_cidr_block": "",
            "ipv6_cidr_block_association_id": "",
            "map_public_ip_on_launch": false,
            "outpost_arn": "",
            "owner_id": "823398877163",
            "tags": {
              "Environment": "staging",
              "Name": "eks-private-subnet"
            },
            "timeouts": null,
            "vpc_id": "vpc-0d673811a666622ea"
          },
          "private": "eyJlMmJmYjczMC1lY2FhLTExZTYtOGY4OC0zNDM2M2JjN2M0YzAiOnsiY3JlYXRlIjo2MDAwMDAwMDAwMDAsImRlbGV0ZSI6MTIwMDAwMDAwMDAwMH0sInNjaGVtYV92ZXJzaW9uIjoiMSJ9",
          "dependencies": [
            "aws_vpc.eks-vpc"
          ]
        },
        {
          "index_key": "ap-southeast-1b",
          "schema_version": 1,
          "attributes": {
            "arn": "arn:aws:ec2:ap-southeast-1:823398877163:subnet/subnet-051c9d8c3db3b7798",
            "assign_ipv6_address_on_creation": false,
            "availability_zone": "ap-southeast-1b",
            "availability_zone_id": "apse1-az1",
            "cidr_block": "10.128.20.0/22",
            "id": "subnet-051c9d8c3db3b7798",
            "ipv6_cidr_block": "",
            "ipv6_cidr_block_association_id": "",
            "map_public_ip_on_launch": false,
            "outpost_arn": "",
            "owner_id": "823398877163",
            "tags": {
              "Environment": "staging",
              "Name": "eks-private-subnet"
            },
            "timeouts": null,
            "vpc_id": "vpc-0d673811a666622ea"
          },
          "private": "eyJlMmJmYjczMC1lY2FhLTExZTYtOGY4OC0zNDM2M2JjN2M0YzAiOnsiY3JlYXRlIjo2MDAwMDAwMDAwMDAsImRlbGV0ZSI6MTIwMDAwMDAwMDAwMH0sInNjaGVtYV92ZXJzaW9uIjoiMSJ9",
          "dependencies": [
            "aws_vpc.eks-vpc"
          ]
        },
        {
          "index_key": "ap-southeast-1c",
          "schema_version": 1,
          "attributes": {
            "arn": "arn:aws:ec2:ap-southeast-1:823398877163:subnet/subnet-0286c41216cbb7d94",
            "assign_ipv6_address_on_creation": false,
            "availability_zone": "ap-southeast-1c",
            "availability_zone_id": "apse1-az3",
            "cidr_block": "10.128.24.0/22",
            "id": "subnet-0286c41216cbb7d94",
            "ipv6_cidr_block": "",
            "ipv6_cidr_block_association_id": "",
            "map_public_ip_on_launch": false,
            "outpost_arn": "",
            "owner_id": "823398877163",
            "tags": {
              "Environment": "staging",
              "Name": "eks-private-subnet"
            },
            "timeouts": null,
            "vpc_id": "vpc-0d673811a666622ea"
          },
          "private": "eyJlMmJmYjczMC1lY2FhLTExZTYtOGY4OC0zNDM2M2JjN2M0YzAiOnsiY3JlYXRlIjo2MDAwMDAwMDAwMDAsImRlbGV0ZSI6MTIwMDAwMDAwMDAwMH0sInNjaGVtYV92ZXJzaW9uIjoiMSJ9",
          "dependencies": [
            "aws_vpc.eks-vpc"
          ]
        }
      ]
    },
    {
      "mode": "managed",
      "type": "aws_subnet",
      "name": "eks-public-subnet",
      "each": "map",
      "provider": "provider.aws",
      "instances": [
        {
          "index_key": "ap-southeast-1a",
          "schema_version": 1,
          "attributes": {
            "arn": "arn:aws:ec2:ap-southeast-1:823398877163:subnet/subnet-088c2210fc12ec441",
            "assign_ipv6_address_on_creation": false,
            "availability_zone": "ap-southeast-1a",
            "availability_zone_id": "apse1-az2",
            "cidr_block": "10.128.0.0/22",
            "id": "subnet-088c2210fc12ec441",
            "ipv6_cidr_block": "",
            "ipv6_cidr_block_association_id": "",
            "map_public_ip_on_launch": true,
            "outpost_arn": "",
            "owner_id": "823398877163",
            "tags": {
              "Environment": "staging",
              "Name": "eks-public-subnet"
            },
            "timeouts": null,
            "vpc_id": "vpc-0d673811a666622ea"
          },
          "private": "eyJlMmJmYjczMC1lY2FhLTExZTYtOGY4OC0zNDM2M2JjN2M0YzAiOnsiY3JlYXRlIjo2MDAwMDAwMDAwMDAsImRlbGV0ZSI6MTIwMDAwMDAwMDAwMH0sInNjaGVtYV92ZXJzaW9uIjoiMSJ9",
          "dependencies": [
            "aws_vpc.eks-vpc"
          ]
        },
        {
          "index_key": "ap-southeast-1b",
          "schema_version": 1,
          "attributes": {
            "arn": "arn:aws:ec2:ap-southeast-1:823398877163:subnet/subnet-016e0859cd646ab48",
            "assign_ipv6_address_on_creation": false,
            "availability_zone": "ap-southeast-1b",
            "availability_zone_id": "apse1-az1",
            "cidr_block": "10.128.4.0/22",
            "id": "subnet-016e0859cd646ab48",
            "ipv6_cidr_block": "",
            "ipv6_cidr_block_association_id": "",
            "map_public_ip_on_launch": true,
            "outpost_arn": "",
            "owner_id": "823398877163",
            "tags": {
              "Environment": "staging",
              "Name": "eks-public-subnet"
            },
            "timeouts": null,
            "vpc_id": "vpc-0d673811a666622ea"
          },
          "private": "eyJlMmJmYjczMC1lY2FhLTExZTYtOGY4OC0zNDM2M2JjN2M0YzAiOnsiY3JlYXRlIjo2MDAwMDAwMDAwMDAsImRlbGV0ZSI6MTIwMDAwMDAwMDAwMH0sInNjaGVtYV92ZXJzaW9uIjoiMSJ9",
          "dependencies": [
            "aws_vpc.eks-vpc"
          ]
        },
        {
          "index_key": "ap-southeast-1c",
          "schema_version": 1,
          "attributes": {
            "arn": "arn:aws:ec2:ap-southeast-1:823398877163:subnet/subnet-0c2a176a2a81683b0",
            "assign_ipv6_address_on_creation": false,
            "availability_zone": "ap-southeast-1c",
            "availability_zone_id": "apse1-az3",
            "cidr_block": "10.128.8.0/22",
            "id": "subnet-0c2a176a2a81683b0",
            "ipv6_cidr_block": "",
            "ipv6_cidr_block_association_id": "",
            "map_public_ip_on_launch": true,
            "outpost_arn": "",
            "owner_id": "823398877163",
            "tags": {
              "Environment": "staging",
              "Name": "eks-public-subnet"
            },
            "timeouts": null,
            "vpc_id": "vpc-0d673811a666622ea"
          },
          "private": "eyJlMmJmYjczMC1lY2FhLTExZTYtOGY4OC0zNDM2M2JjN2M0YzAiOnsiY3JlYXRlIjo2MDAwMDAwMDAwMDAsImRlbGV0ZSI6MTIwMDAwMDAwMDAwMH0sInNjaGVtYV92ZXJzaW9uIjoiMSJ9",
          "dependencies": [
            "aws_vpc.eks-vpc"
          ]
        }
      ]
    },
    {
      "mode": "managed",
      "type": "aws_vpc",
      "name": "eks-vpc",
      "provider": "provider.aws",
      "instances": [
        {
          "schema_version": 1,
          "attributes": {
            "arn": "arn:aws:ec2:ap-southeast-1:823398877163:vpc/vpc-0d673811a666622ea",
            "assign_generated_ipv6_cidr_block": false,
            "cidr_block": "10.128.0.0/16",
            "default_network_acl_id": "acl-0990df1b76c99b132",
            "default_route_table_id": "rtb-08d56159b3cc68f21",
            "default_security_group_id": "sg-0907a49a3472020ee",
            "dhcp_options_id": "dopt-3875c85d",
            "enable_classiclink": false,
            "enable_classiclink_dns_support": false,
            "enable_dns_hostnames": true,
            "enable_dns_support": true,
            "id": "vpc-0d673811a666622ea",
            "instance_tenancy": "default",
            "ipv6_association_id": "",
            "ipv6_cidr_block": "",
            "main_route_table_id": "rtb-08d56159b3cc68f21",
            "owner_id": "823398877163",
            "tags": {
              "Environment": "staging",
              "Name": "eks-vpc"
            }
          },
          "private": "eyJzY2hlbWFfdmVyc2lvbiI6IjEifQ=="
        }
      ]
    }
  ]
}
